
Microsoft Visual Studio Solution File, Format Version 12.00
# Visual Studio Version 17
VisualStudioVersion = 17.7.34202.233
MinimumVisualStudioVersion = 10.0.40219.1
Project("{FAE04EC0-301F-11D3-BF4B-00C04F79EFBC}") = "App_Promedio", "App_Promedio\App_Promedio.csproj", "{6178FEBA-94A4-49B3-9D10-8DF2B14D9497}"
EndProject
Global
	GlobalSection(SolutionConfigurationPlatforms) = preSolution
		Debug|Any CPU = Debug|Any CPU
		Release|Any CPU = Release|Any CPU
	EndGlobalSection
	GlobalSection(ProjectConfigurationPlatforms) = postSolution
		{6178FEBA-94A4-49B3-9D10-8DF2B14D9497}.Debug|Any CPU.ActiveCfg = Debug|Any CPU
		{6178FEBA-94A4-49B3-9D10-8DF2B14D9497}.Debug|Any CPU.Build.0 = Debug|Any CPU
		{6178FEBA-94A4-49B3-9D10-8DF2B14D9497}.Release|Any CPU.ActiveCfg = Release|Any CPU
		{6178FEBA-94A4-49B3-9D10-8DF2B14D9497}.Release|Any CPU.Build.0 = Release|Any CPU
	EndGlobalSection
	GlobalSection(SolutionProperties) = preSolution
		HideSolutionNode = FALSE
	EndGlobalSection
	GlobalSection(ExtensibilityGlobals) = postSolution
		SolutionGuid = {1F962D50-F1D4-4E44-996D-0FE2245DDAA7}
	EndGlobalSection
EndGlobal
