
Microsoft Visual Studio Solution File, Format Version 12.00
# Visual Studio Version 17
VisualStudioVersion = 17.7.34202.233
MinimumVisualStudioVersion = 10.0.40219.1
Project("{FAE04EC0-301F-11D3-BF4B-00C04F79EFBC}") = "Ap_Operacion", "Ap_Operacion\Ap_Operacion.csproj", "{162CC36B-30AC-40AF-821D-8E76A9516A11}"
EndProject
Global
	GlobalSection(SolutionConfigurationPlatforms) = preSolution
		Debug|Any CPU = Debug|Any CPU
		Release|Any CPU = Release|Any CPU
	EndGlobalSection
	GlobalSection(ProjectConfigurationPlatforms) = postSolution
		{162CC36B-30AC-40AF-821D-8E76A9516A11}.Debug|Any CPU.ActiveCfg = Debug|Any CPU
		{162CC36B-30AC-40AF-821D-8E76A9516A11}.Debug|Any CPU.Build.0 = Debug|Any CPU
		{162CC36B-30AC-40AF-821D-8E76A9516A11}.Release|Any CPU.ActiveCfg = Release|Any CPU
		{162CC36B-30AC-40AF-821D-8E76A9516A11}.Release|Any CPU.Build.0 = Release|Any CPU
	EndGlobalSection
	GlobalSection(SolutionProperties) = preSolution
		HideSolutionNode = FALSE
	EndGlobalSection
	GlobalSection(ExtensibilityGlobals) = postSolution
		SolutionGuid = {08CA7211-7DBB-4671-B2B3-3EC309DBCD90}
	EndGlobalSection
EndGlobal
